<?xml version="1.0" encoding="utf-8"?>
<Project ToolsVersion="4.0" xmlns="http://schemas.microsoft.com/developer/msbuild/2003">
  <ItemGroup>
    <Filter Include="models">
      <UniqueIdentifier>{47fb8b9a-0eb3-48fa-974f-1330bfec0a8f}</UniqueIdentifier>
    </Filter>
    <Filter Include="viewmodels">
      <UniqueIdentifier>{6c4abc38-2e09-42cd-bfac-f808fd1ead96}</UniqueIdentifier>
    </Filter>
  </ItemGroup>
  <ItemGroup>
    <ClInclude Include="..\..\..\src\logic\models\opened_ports_model.hpp">
      <Filter>models</Filter>
    </ClInclude>
    <ClInclude Include="..\..\..\src\logic\viewmodels\port_selection_viewmodel.hpp">
      <Filter>viewmodels</Filter>
    </ClInclude>
  </ItemGroup>
  <ItemGroup>
    <ClCompile Include="..\..\..\src\logic\viewmodels\port_selection_viewmodel.cpp">
      <Filter>viewmodels</Filter>
    </ClCompile>
  </ItemGroup>
</Project>