<?xml version="1.0" encoding="utf-8"?>
<Project ToolsVersion="4.0" xmlns="http://schemas.microsoft.com/developer/msbuild/2003">
  <ItemGroup>
    <ClCompile Include="..\..\..\src\glfwrap\window.cpp" />
    <ClCompile Include="..\..\..\src\glfwrap\errors.cpp" />
    <ClCompile Include="..\..\..\src\glfwrap\library.cpp" />
  </ItemGroup>
  <ItemGroup>
    <ClInclude Include="..\..\..\src\glfwrap\window.hpp" />
    <ClInclude Include="..\..\..\src\glfwrap\library.hpp" />
    <ClInclude Include="..\..\..\src\glfwrap\errors.hpp" />
  </ItemGroup>
</Project>