
Microsoft Visual Studio Solution File, Format Version 12.00
# Visual Studio Version 17
VisualStudioVersion = 17.9.34728.123
MinimumVisualStudioVersion = 10.0.40219.1
Project("{8BC9CEB8-8B4A-11D0-8D11-00A0C91BC942}") = "application", "application\application.vcxproj", "{D9120094-0888-4577-BC4E-456B9DDDB092}"
EndProject
Project("{8BC9CEB8-8B4A-11D0-8D11-00A0C91BC942}") = "glfwrap", "glfwrap\glfwrap.vcxproj", "{F0B5471B-8D93-4F93-9A04-7FC878EB9BA9}"
EndProject
Project("{8BC9CEB8-8B4A-11D0-8D11-00A0C91BC942}") = "opengl", "opengl\opengl.vcxproj", "{92731417-673F-47EC-90D3-900CEE12C8D9}"
EndProject
Project("{8BC9CEB8-8B4A-11D0-8D11-00A0C91BC942}") = "views", "views\views.vcxproj", "{20C87933-7F3C-4651-95B7-A37CC8A7FD26}"
EndProject
Project("{8BC9CEB8-8B4A-11D0-8D11-00A0C91BC942}") = "uart", "uart\uart.vcxproj", "{1858B143-8E54-45F6-9E59-26E1A3A81422}"
EndProject
Global
	GlobalSection(SolutionConfigurationPlatforms) = preSolution
		Debug|x64 = Debug|x64
		Release|x64 = Release|x64
	EndGlobalSection
	GlobalSection(ProjectConfigurationPlatforms) = postSolution
		{D9120094-0888-4577-BC4E-456B9DDDB092}.Debug|x64.ActiveCfg = Debug|x64
		{D9120094-0888-4577-BC4E-456B9DDDB092}.Debug|x64.Build.0 = Debug|x64
		{D9120094-0888-4577-BC4E-456B9DDDB092}.Release|x64.ActiveCfg = Release|x64
		{D9120094-0888-4577-BC4E-456B9DDDB092}.Release|x64.Build.0 = Release|x64
		{F0B5471B-8D93-4F93-9A04-7FC878EB9BA9}.Debug|x64.ActiveCfg = Debug|x64
		{F0B5471B-8D93-4F93-9A04-7FC878EB9BA9}.Debug|x64.Build.0 = Debug|x64
		{F0B5471B-8D93-4F93-9A04-7FC878EB9BA9}.Release|x64.ActiveCfg = Release|x64
		{F0B5471B-8D93-4F93-9A04-7FC878EB9BA9}.Release|x64.Build.0 = Release|x64
		{92731417-673F-47EC-90D3-900CEE12C8D9}.Debug|x64.ActiveCfg = Debug|x64
		{92731417-673F-47EC-90D3-900CEE12C8D9}.Debug|x64.Build.0 = Debug|x64
		{92731417-673F-47EC-90D3-900CEE12C8D9}.Release|x64.ActiveCfg = Release|x64
		{92731417-673F-47EC-90D3-900CEE12C8D9}.Release|x64.Build.0 = Release|x64
		{20C87933-7F3C-4651-95B7-A37CC8A7FD26}.Debug|x64.ActiveCfg = Debug|x64
		{20C87933-7F3C-4651-95B7-A37CC8A7FD26}.Debug|x64.Build.0 = Debug|x64
		{20C87933-7F3C-4651-95B7-A37CC8A7FD26}.Release|x64.ActiveCfg = Release|x64
		{20C87933-7F3C-4651-95B7-A37CC8A7FD26}.Release|x64.Build.0 = Release|x64
		{1858B143-8E54-45F6-9E59-26E1A3A81422}.Debug|x64.ActiveCfg = Debug|x64
		{1858B143-8E54-45F6-9E59-26E1A3A81422}.Debug|x64.Build.0 = Debug|x64
		{1858B143-8E54-45F6-9E59-26E1A3A81422}.Release|x64.ActiveCfg = Release|x64
		{1858B143-8E54-45F6-9E59-26E1A3A81422}.Release|x64.Build.0 = Release|x64
	EndGlobalSection
	GlobalSection(SolutionProperties) = preSolution
		HideSolutionNode = FALSE
	EndGlobalSection
	GlobalSection(ExtensibilityGlobals) = postSolution
		SolutionGuid = {90E12335-9ADE-4A0F-8371-18239AF4EC03}
	EndGlobalSection
EndGlobal
